
Microsoft Visual Studio Solution File, Format Version 12.00
# Visual Studio Version 17
VisualStudioVersion = 17.3.32901.215
MinimumVisualStudioVersion = 10.0.40219.1
Project("{9A19103F-16F7-4668-BE54-9A1E7A4F7556}") = "projeto-acg", "projeto-acg.csproj", "{DA5CDCB6-52CF-4D54-AB83-24A96F78B59B}"
EndProject
Project("{54435603-DBB4-11D2-8724-00A0C9A8B90C}") = "Setup_ACG", "Instalador\Setup_ACG\Setup_ACG.vdproj", "{8D5FEADC-9498-4887-9002-3511CCA4607F}"
EndProject
Global
	GlobalSection(SolutionConfigurationPlatforms) = preSolution
		Debug|Any CPU = Debug|Any CPU
		Release|Any CPU = Release|Any CPU
	EndGlobalSection
	GlobalSection(ProjectConfigurationPlatforms) = postSolution
		{DA5CDCB6-52CF-4D54-AB83-24A96F78B59B}.Debug|Any CPU.ActiveCfg = Debug|Any CPU
		{DA5CDCB6-52CF-4D54-AB83-24A96F78B59B}.Debug|Any CPU.Build.0 = Debug|Any CPU
		{DA5CDCB6-52CF-4D54-AB83-24A96F78B59B}.Release|Any CPU.ActiveCfg = Release|Any CPU
		{DA5CDCB6-52CF-4D54-AB83-24A96F78B59B}.Release|Any CPU.Build.0 = Release|Any CPU
		{8D5FEADC-9498-4887-9002-3511CCA4607F}.Debug|Any CPU.ActiveCfg = Debug
		{8D5FEADC-9498-4887-9002-3511CCA4607F}.Release|Any CPU.ActiveCfg = Release
	EndGlobalSection
	GlobalSection(SolutionProperties) = preSolution
		HideSolutionNode = FALSE
	EndGlobalSection
	GlobalSection(ExtensibilityGlobals) = postSolution
		SolutionGuid = {11BBDE91-0FBA-4A6B-9C97-3482E2CCD17D}
	EndGlobalSection
EndGlobal
